// !$*UTF8*$!
{
	archiveVersion = 1;
	classes = {
	};
	objectVersion = 55;
	objects = {

/* Begin PBXBuildFile section */
		722FB75927F2FB4B00BE1DA8 /* GuessTheFlag2_0App.swift in Sources */ = {isa = PBXBuildFile; fileRef = 722FB75827F2FB4B00BE1DA8 /* GuessTheFlag2_0App.swift */; };
		722FB75B27F2FB4B00BE1DA8 /* ContentView.swift in Sources */ = {isa = PBXBuildFile; fileRef = 722FB75A27F2FB4B00BE1DA8 /* ContentView.swift */; };
		722FB75D27F2FB4C00BE1DA8 /* Assets.xcassets in Resources */ = {isa = PBXBuildFile; fileRef = 722FB75C27F2FB4C00BE1DA8 /* Assets.xcassets */; };
		722FB76027F2FB4C00BE1DA8 /* Preview Assets.xcassets in Resources */ = {isa = PBXBuildFile; fileRef = 722FB75F27F2FB4C00BE1DA8 /* Preview Assets.xcassets */; };
/* End PBXBuildFile section */

/* Begin PBXContainerItemProxy section */
		722FB76627F2FB4C00BE1DA8 /* PBXContainerItemProxy */ = {
			isa = PBXContainerItemProxy;
			containerPortal = 722FB74D27F2FB4B00BE1DA8 /* Project object */;
			proxyType = 1;
			remoteGlobalIDString = 722FB75427F2FB4B00BE1DA8;
			remoteInfo = GuessTheFlag2.0;
		};
		722FB77027F2FB4D00BE1DA8 /* PBXContainerItemProxy */ = {
			isa = PBXContainerItemProxy;
			containerPortal = 722FB74D27F2FB4B00BE1DA8 /* Project object */;
			proxyType = 1;
			remoteGlobalIDString = 722FB75427F2FB4B00BE1DA8;
			remoteInfo = GuessTheFlag2.0;
		};
/* End PBXContainerItemProxy section */

/* Begin PBXFileReference section */
		722FB75527F2FB4B00BE1DA8 /* GuessTheFlag2.0.app */ = {isa = PBXFileReference; explicitFileType = wrapper.application; includeInIndex = 0; path = GuessTheFlag2.0.app; sourceTree = BUILT_PRODUCTS_DIR; };
		722FB75827F2FB4B00BE1DA8 /* GuessTheFlag2_0App.swift */ = {isa = PBXFileReference; lastKnownFileType = sourcecode.swift; path = GuessTheFlag2_0App.swift; sourceTree = "<group>"; };
		722FB75A27F2FB4B00BE1DA8 /* ContentView.swift */ = {isa = PBXFileReference; lastKnownFileType = sourcecode.swift; path = ContentView.swift; sourceTree = "<group>"; };
		722FB75C27F2FB4C00BE1DA8 /* Assets.xcassets */ = {isa = PBXFileReference; lastKnownFileType = folder.assetcatalog; path = Assets.xcassets; sourceTree = "<group>"; };
		722FB75F27F2FB4C00BE1DA8 /* Preview Assets.xcassets */ = {isa = PBXFileReference; lastKnownFileType = folder.assetcatalog; path = "Preview Assets.xcassets"; sourceTree = "<group>"; };
		722FB76527F2FB4C00BE1DA8 /* GuessTheFlag2.0Tests.xctest */ = {isa = PBXFileReference; explicitFileType = wrapper.cfbundle; includeInIndex = 0; path = GuessTheFlag2.0Tests.xctest; sourceTree = BUILT_PRODUCTS_DIR; };
		722FB76F27F2FB4D00BE1DA8 /* GuessTheFlag2.0UITests.xctest */ = {isa = PBXFileReference; explicitFileType = wrapper.cfbundle; includeInIndex = 0; path = GuessTheFlag2.0UITests.xctest; sourceTree = BUILT_PRODUCTS_DIR; };
/* End PBXFileReference section */

/* Begin PBXFrameworksBuildPhase section */
		722FB75227F2FB4B00BE1DA8 /* Frameworks */ = {
			isa = PBXFrameworksBuildPhase;
			buildActionMask = 2147483647;
			files = (
			);
			runOnlyForDeploymentPostprocessing = 0;
		};
		722FB76227F2FB4C00BE1DA8 /* Frameworks */ = {
			isa = PBXFrameworksBuildPhase;
			buildActionMask = 2147483647;
			files = (
			);
			runOnlyForDeploymentPostprocessing = 0;
		};
		722FB76C27F2FB4D00BE1DA8 /* Frameworks */ = {
			isa = PBXFrameworksBuildPhase;
			buildActionMask = 2147483647;
			files = (
			);
			runOnlyForDeploymentPostprocessing = 0;
		};
/* End PBXFrameworksBuildPhase section */

/* Begin PBXGroup section */
		722FB74C27F2FB4B00BE1DA8 = {
			isa = PBXGroup;
			children = (
				722FB75727F2FB4B00BE1DA8 /* GuessTheFlag2.0 */,
				722FB75627F2FB4B00BE1DA8 /* Products */,
			);
			sourceTree = "<group>";
		};
		722FB75627F2FB4B00BE1DA8 /* Products */ = {
			isa = PBXGroup;
			children = (
				722FB75527F2FB4B00BE1DA8 /* GuessTheFlag2.0.app */,
				722FB76527F2FB4C00BE1DA8 /* GuessTheFlag2.0Tests.xctest */,
				722FB76F27F2FB4D00BE1DA8 /* GuessTheFlag2.0UITests.xctest */,
			);
			name = Products;
			sourceTree = "<group>";
		};
		722FB75727F2FB4B00BE1DA8 /* GuessTheFlag2.0 */ = {
			isa = PBXGroup;
			children = (
				722FB75827F2FB4B00BE1DA8 /* GuessTheFlag2_0App.swift */,
				722FB75A27F2FB4B00BE1DA8 /* ContentView.swift */,
				722FB75C27F2FB4C00BE1DA8 /* Assets.xcassets */,
				722FB75E27F2FB4C00BE1DA8 /* Preview Content */,
			);
			path = GuessTheFlag2.0;
			sourceTree = "<group>";
		};
		722FB75E27F2FB4C00BE1DA8 /* Preview Content */ = {
			isa = PBXGroup;
			children = (
				722FB75F27F2FB4C00BE1DA8 /* Preview Assets.xcassets */,
			);
			path = "Preview Content";
			sourceTree = "<group>";
		};
/* End PBXGroup section */

/* Begin PBXNativeTarget section */
		722FB75427F2FB4B00BE1DA8 /* GuessTheFlag2.0 */ = {
			isa = PBXNativeTarget;
			buildConfigurationList = 722FB77927F2FB4D00BE1DA8 /* Build configuration list for PBXNativeTarget "GuessTheFlag2.0" */;
			buildPhases = (
				722FB75127F2FB4B00BE1DA8 /* Sources */,
				722FB75227F2FB4B00BE1DA8 /* Frameworks */,
				722FB75327F2FB4B00BE1DA8 /* Resources */,
			);
			buildRules = (
			);
			dependencies = (
			);
			name = GuessTheFlag2.0;
			productName = GuessTheFlag2.0;
			productReference = 722FB75527F2FB4B00BE1DA8 /* GuessTheFlag2.0.app */;
			productType = "com.apple.product-type.application";
		};
		722FB76427F2FB4C00BE1DA8 /* GuessTheFlag2.0Tests */ = {
			isa = PBXNativeTarget;
			buildConfigurationList = 722FB77C27F2FB4D00BE1DA8 /* Build configuration list for PBXNativeTarget "GuessTheFlag2.0Tests" */;
			buildPhases = (
				722FB76127F2FB4C00BE1DA8 /* Sources */,
				722FB76227F2FB4C00BE1DA8 /* Frameworks */,
				722FB76327F2FB4C00BE1DA8 /* Resources */,
			);
			buildRules = (
			);
			dependencies = (
				722FB76727F2FB4C00BE1DA8 /* PBXTargetDependency */,
			);
			name = GuessTheFlag2.0Tests;
			productName = GuessTheFlag2.0Tests;
			productReference = 722FB76527F2FB4C00BE1DA8 /* GuessTheFlag2.0Tests.xctest */;
			productType = "com.apple.product-type.bundle.unit-test";
		};
		722FB76E27F2FB4D00BE1DA8 /* GuessTheFlag2.0UITests */ = {
			isa = PBXNativeTarget;
			buildConfigurationList = 722FB77F27F2FB4D00BE1DA8 /* Build configuration list for PBXNativeTarget "GuessTheFlag2.0UITests" */;
			buildPhases = (
				722FB76B27F2FB4D00BE1DA8 /* Sources */,
				722FB76C27F2FB4D00BE1DA8 /* Frameworks */,
				722FB76D27F2FB4D00BE1DA8 /* Resources */,
			);
			buildRules = (
			);
			dependencies = (
				722FB77127F2FB4D00BE1DA8 /* PBXTargetDependency */,
			);
			name = GuessTheFlag2.0UITests;
			productName = GuessTheFlag2.0UITests;
			productReference = 722FB76F27F2FB4D00BE1DA8 /* GuessTheFlag2.0UITests.xctest */;
			productType = "com.apple.product-type.bundle.ui-testing";
		};
/* End PBXNativeTarget section */

/* Begin PBXProject section */
		722FB74D27F2FB4B00BE1DA8 /* Project object */ = {
			isa = PBXProject;
			attributes = {
				BuildIndependentTargetsInParallel = 1;
				LastSwiftUpdateCheck = 1330;
				LastUpgradeCheck = 1330;
				TargetAttributes = {
					722FB75427F2FB4B00BE1DA8 = {
						CreatedOnToolsVersion = 13.3;
					};
					722FB76427F2FB4C00BE1DA8 = {
						CreatedOnToolsVersion = 13.3;
						TestTargetID = 722FB75427F2FB4B00BE1DA8;
					};
					722FB76E27F2FB4D00BE1DA8 = {
						CreatedOnToolsVersion = 13.3;
						TestTargetID = 722FB75427F2FB4B00BE1DA8;
					};
				};
			};
			buildConfigurationList = 722FB75027F2FB4B00BE1DA8 /* Build configuration list for PBXProject "GuessTheFlag2.0" */;
			compatibilityVersion = "Xcode 13.0";
			developmentRegion = en;
			hasScannedForEncodings = 0;
			knownRegions = (
				en,
				Base,
			);
			mainGroup = 722FB74C27F2FB4B00BE1DA8;
			productRefGroup = 722FB75627F2FB4B00BE1DA8 /* Products */;
			projectDirPath = "";
			projectRoot = "";
			targets = (
				722FB75427F2FB4B00BE1DA8 /* GuessTheFlag2.0 */,
				722FB76427F2FB4C00BE1DA8 /* GuessTheFlag2.0Tests */,
				722FB76E27F2FB4D00BE1DA8 /* GuessTheFlag2.0UITests */,
			);
		};
/* End PBXProject section */

/* Begin PBXResourcesBuildPhase section */
		722FB75327F2FB4B00BE1DA8 /* Resources */ = {
			isa = PBXResourcesBuildPhase;
			buildActionMask = 2147483647;
			files = (
				722FB76027F2FB4C00BE1DA8 /* Preview Assets.xcassets in Resources */,
				722FB75D27F2FB4C00BE1DA8 /* Assets.xcassets in Resources */,
			);
			runOnlyForDeploymentPostprocessing = 0;
		};
		722FB76327F2FB4C00BE1DA8 /* Resources */ = {
			isa = PBXResourcesBuildPhase;
			buildActionMask = 2147483647;
			files = (
			);
			runOnlyForDeploymentPostprocessing = 0;
		};
		722FB76D27F2FB4D00BE1DA8 /* Resources */ = {
			isa = PBXResourcesBuildPhase;
			buildActionMask = 2147483647;
			files = (
			);
			runOnlyForDeploymentPostprocessing = 0;
		};
/* End PBXResourcesBuildPhase section */

/* Begin PBXSourcesBuildPhase section */
		722FB75127F2FB4B00BE1DA8 /* Sources */ = {
			isa = PBXSourcesBuildPhase;
			buildActionMask = 2147483647;
			files = (
				722FB75B27F2FB4B00BE1DA8 /* ContentView.swift in Sources */,
				722FB75927F2FB4B00BE1DA8 /* GuessTheFlag2_0App.swift in Sources */,
			);
			runOnlyForDeploymentPostprocessing = 0;
		};
		722FB76127F2FB4C00BE1DA8 /* Sources */ = {
			isa = PBXSourcesBuildPhase;
			buildActionMask = 2147483647;
			files = (
			);
			runOnlyForDeploymentPostprocessing = 0;
		};
		722FB76B27F2FB4D00BE1DA8 /* Sources */ = {
			isa = PBXSourcesBuildPhase;
			buildActionMask = 2147483647;
			files = (
			);
			runOnlyForDeploymentPostprocessing = 0;
		};
/* End PBXSourcesBuildPhase section */

/* Begin PBXTargetDependency section */
		722FB76727F2FB4C00BE1DA8 /* PBXTargetDependency */ = {
			isa = PBXTargetDependency;
			target = 722FB75427F2FB4B00BE1DA8 /* GuessTheFlag2.0 */;
			targetProxy = 722FB76627F2FB4C00BE1DA8 /* PBXContainerItemProxy */;
		};
		722FB77127F2FB4D00BE1DA8 /* PBXTargetDependency */ = {
			isa = PBXTargetDependency;
			target = 722FB75427F2FB4B00BE1DA8 /* GuessTheFlag2.0 */;
			targetProxy = 722FB77027F2FB4D00BE1DA8 /* PBXContainerItemProxy */;
		};
/* End PBXTargetDependency section */

/* Begin XCBuildConfiguration section */
		722FB77727F2FB4D00BE1DA8 /* Debug */ = {
			isa = XCBuildConfiguration;
			buildSettings = {
				ALWAYS_SEARCH_USER_PATHS = NO;
				CLANG_ANALYZER_NONNULL = YES;
				CLANG_ANALYZER_NUMBER_OBJECT_CONVERSION = YES_AGGRESSIVE;
				CLANG_CXX_LANGUAGE_STANDARD = "gnu++17";
				CLANG_ENABLE_MODULES = YES;
				CLANG_ENABLE_OBJC_ARC = YES;
				CLANG_ENABLE_OBJC_WEAK = YES;
				CLANG_WARN_BLOCK_CAPTURE_AUTORELEASING = YES;
				CLANG_WARN_BOOL_CONVERSION = YES;
				CLANG_WARN_COMMA = YES;
				CLANG_WARN_CONSTANT_CONVERSION = YES;
				CLANG_WARN_DEPRECATED_OBJC_IMPLEMENTATIONS = YES;
				CLANG_WARN_DIRECT_OBJC_ISA_USAGE = YES_ERROR;
				CLANG_WARN_DOCUMENTATION_COMMENTS = YES;
				CLANG_WARN_EMPTY_BODY = YES;
				CLANG_WARN_ENUM_CONVERSION = YES;
				CLANG_WARN_INFINITE_RECURSION = YES;
				CLANG_WARN_INT_CONVERSION = YES;
				CLANG_WARN_NON_LITERAL_NULL_CONVERSION = YES;
				CLANG_WARN_OBJC_IMPLICIT_RETAIN_SELF = YES;
				CLANG_WARN_OBJC_LITERAL_CONVERSION = YES;
				CLANG_WARN_OBJC_ROOT_CLASS = YES_ERROR;
				CLANG_WARN_QUOTED_INCLUDE_IN_FRAMEWORK_HEADER = YES;
				CLANG_WARN_RANGE_LOOP_ANALYSIS = YES;
				CLANG_WARN_STRICT_PROTOTYPES = YES;
				CLANG_WARN_SUSPICIOUS_MOVE = YES;
				CLANG_WARN_UNGUARDED_AVAILABILITY = YES_AGGRESSIVE;
				CLANG_WARN_UNREACHABLE_CODE = YES;
				CLANG_WARN__DUPLICATE_METHOD_MATCH = YES;
				COPY_PHASE_STRIP = NO;
				DEBUG_INFORMATION_FORMAT = dwarf;
				ENABLE_STRICT_OBJC_MSGSEND = YES;
				ENABLE_TESTABILITY = YES;
				GCC_C_LANGUAGE_STANDARD = gnu11;
				GCC_DYNAMIC_NO_PIC = NO;
				GCC_NO_COMMON_BLOCKS = YES;
				GCC_OPTIMIZATION_LEVEL = 0;
				GCC_PREPROCESSOR_DEFINITIONS = (
					"DEBUG=1",
					"$(inherited)",
				);
				GCC_WARN_64_TO_32_BIT_CONVERSION = YES;
				GCC_WARN_ABOUT_RETURN_TYPE = YES_ERROR;
				GCC_WARN_UNDECLARED_SELECTOR = YES;
				GCC_WARN_UNINITIALIZED_AUTOS = YES_AGGRESSIVE;
				GCC_WARN_UNUSED_FUNCTION = YES;
				GCC_WARN_UNUSED_VARIABLE = YES;
				IPHONEOS_DEPLOYMENT_TARGET = 15.4;
				MTL_ENABLE_DEBUG_INFO = INCLUDE_SOURCE;
				MTL_FAST_MATH = YES;
				ONLY_ACTIVE_ARCH = YES;
				SDKROOT = iphoneos;
				SWIFT_ACTIVE_COMPILATION_CONDITIONS = DEBUG;
				SWIFT_OPTIMIZATION_LEVEL = "-Onone";
			};
			name = Debug;
		};
		722FB77827F2FB4D00BE1DA8 /* Release */ = {
			isa = XCBuildConfiguration;
			buildSettings = {
				ALWAYS_SEARCH_USER_PATHS = NO;
				CLANG_ANALYZER_NONNULL = YES;
				CLANG_ANALYZER_NUMBER_OBJECT_CONVERSION = YES_AGGRESSIVE;
				CLANG_CXX_LANGUAGE_STANDARD = "gnu++17";
				CLANG_ENABLE_MODULES = YES;
				CLANG_ENABLE_OBJC_ARC = YES;
				CLANG_ENABLE_OBJC_WEAK = YES;
				CLANG_WARN_BLOCK_CAPTURE_AUTORELEASING = YES;
				CLANG_WARN_BOOL_CONVERSION = YES;
				CLANG_WARN_COMMA = YES;
				CLANG_WARN_CONSTANT_CONVERSION = YES;
				CLANG_WARN_DEPRECATED_OBJC_IMPLEMENTATIONS = YES;
				CLANG_WARN_DIRECT_OBJC_ISA_USAGE = YES_ERROR;
				CLANG_WARN_DOCUMENTATION_COMMENTS = YES;
				CLANG_WARN_EMPTY_BODY = YES;
				CLANG_WARN_ENUM_CONVERSION = YES;
				CLANG_WARN_INFINITE_RECURSION = YES;
				CLANG_WARN_INT_CONVERSION = YES;
				CLANG_WARN_NON_LITERAL_NULL_CONVERSION = YES;
				CLANG_WARN_OBJC_IMPLICIT_RETAIN_SELF = YES;
				CLANG_WARN_OBJC_LITERAL_CONVERSION = YES;
				CLANG_WARN_OBJC_ROOT_CLASS = YES_ERROR;
				CLANG_WARN_QUOTED_INCLUDE_IN_FRAMEWORK_HEADER = YES;
				CLANG_WARN_RANGE_LOOP_ANALYSIS = YES;
				CLANG_WARN_STRICT_PROTOTYPES = YES;
				CLANG_WARN_SUSPICIOUS_MOVE = YES;
				CLANG_WARN_UNGUARDED_AVAILABILITY = YES_AGGRESSIVE;
				CLANG_WARN_UNREACHABLE_CODE = YES;
				CLANG_WARN__DUPLICATE_METHOD_MATCH = YES;
				COPY_PHASE_STRIP = NO;
				DEBUG_INFORMATION_FORMAT = "dwarf-with-dsym";
				ENABLE_NS_ASSERTIONS = NO;
				ENABLE_STRICT_OBJC_MSGSEND = YES;
				GCC_C_LANGUAGE_STANDARD = gnu11;
				GCC_NO_COMMON_BLOCKS = YES;
				GCC_WARN_64_TO_32_BIT_CONVERSION = YES;
				GCC_WARN_ABOUT_RETURN_TYPE = YES_ERROR;
				GCC_WARN_UNDECLARED_SELECTOR = YES;
				GCC_WARN_UNINITIALIZED_AUTOS = YES_AGGRESSIVE;
				GCC_WARN_UNUSED_FUNCTION = YES;
				GCC_WARN_UNUSED_VARIABLE = YES;
				IPHONEOS_DEPLOYMENT_TARGET = 15.4;
				MTL_ENABLE_DEBUG_INFO = NO;
				MTL_FAST_MATH = YES;
				SDKROOT = iphoneos;
				SWIFT_COMPILATION_MODE = wholemodule;
				SWIFT_OPTIMIZATION_LEVEL = "-O";
				VALIDATE_PRODUCT = YES;
			};
			name = Release;
		};
		722FB77A27F2FB4D00BE1DA8 /* Debug */ = {
			isa = XCBuildConfiguration;
			buildSettings = {
				ASSETCATALOG_COMPILER_APPICON_NAME = AppIcon;
				ASSETCATALOG_COMPILER_GLOBAL_ACCENT_COLOR_NAME = AccentColor;
				CODE_SIGN_STYLE = Automatic;
				CURRENT_PROJECT_VERSION = 1;
				DEVELOPMENT_ASSET_PATHS = "\"GuessTheFlag2.0/Preview Content\"";
				ENABLE_PREVIEWS = YES;
				GENERATE_INFOPLIST_FILE = YES;
				INFOPLIST_KEY_UIApplicationSceneManifest_Generation = YES;
				INFOPLIST_KEY_UIApplicationSupportsIndirectInputEvents = YES;
				INFOPLIST_KEY_UILaunchScreen_Generation = YES;
				INFOPLIST_KEY_UISupportedInterfaceOrientations_iPad = "UIInterfaceOrientationPortrait UIInterfaceOrientationPortraitUpsideDown UIInterfaceOrientationLandscapeLeft UIInterfaceOrientationLandscapeRight";
				INFOPLIST_KEY_UISupportedInterfaceOrientations_iPhone = "UIInterfaceOrientationPortrait UIInterfaceOrientationLandscapeLeft UIInterfaceOrientationLandscapeRight";
				LD_RUNPATH_SEARCH_PATHS = (
					"$(inherited)",
					"@executable_path/Frameworks",
				);
				MARKETING_VERSION = 1.0;
				PRODUCT_BUNDLE_IDENTIFIER = "com.Sanqiu.Fan.GuessTheFlag2-0";
				PRODUCT_NAME = "$(TARGET_NAME)";
				SWIFT_EMIT_LOC_STRINGS = YES;
				SWIFT_VERSION = 5.0;
				TARGETED_DEVICE_FAMILY = "1,2";
			};
			name = Debug;
		};
		722FB77B27F2FB4D00BE1DA8 /* Release */ = {
			isa = XCBuildConfiguration;
			buildSettings = {
				ASSETCATALOG_COMPILER_APPICON_NAME = AppIcon;
				ASSETCATALOG_COMPILER_GLOBAL_ACCENT_COLOR_NAME = AccentColor;
				CODE_SIGN_STYLE = Automatic;
				CURRENT_PROJECT_VERSION = 1;
				DEVELOPMENT_ASSET_PATHS = "\"GuessTheFlag2.0/Preview Content\"";
				ENABLE_PREVIEWS = YES;
				GENERATE_INFOPLIST_FILE = YES;
				INFOPLIST_KEY_UIApplicationSceneManifest_Generation = YES;
				INFOPLIST_KEY_UIApplicationSupportsIndirectInputEvents = YES;
				INFOPLIST_KEY_UILaunchScreen_Generation = YES;
				INFOPLIST_KEY_UISupportedInterfaceOrientations_iPad = "UIInterfaceOrientationPortrait UIInterfaceOrientationPortraitUpsideDown UIInterfaceOrientationLandscapeLeft UIInterfaceOrientationLandscapeRight";
				INFOPLIST_KEY_UISupportedInterfaceOrientations_iPhone = "UIInterfaceOrientationPortrait UIInterfaceOrientationLandscapeLeft UIInterfaceOrientationLandscapeRight";
				LD_RUNPATH_SEARCH_PATHS = (
					"$(inherited)",
					"@executable_path/Frameworks",
				);
				MARKETING_VERSION = 1.0;
				PRODUCT_BUNDLE_IDENTIFIER = "com.Sanqiu.Fan.GuessTheFlag2-0";
				PRODUCT_NAME = "$(TARGET_NAME)";
				SWIFT_EMIT_LOC_STRINGS = YES;
				SWIFT_VERSION = 5.0;
				TARGETED_DEVICE_FAMILY = "1,2";
			};
			name = Release;
		};
		722FB77D27F2FB4D00BE1DA8 /* Debug */ = {
			isa = XCBuildConfiguration;
			buildSettings = {
				ALWAYS_EMBED_SWIFT_STANDARD_LIBRARIES = YES;
				BUNDLE_LOADER = "$(TEST_HOST)";
				CODE_SIGN_STYLE = Automatic;
				CURRENT_PROJECT_VERSION = 1;
				GENERATE_INFOPLIST_FILE = YES;
				IPHONEOS_DEPLOYMENT_TARGET = 15.4;
				MARKETING_VERSION = 1.0;
				PRODUCT_BUNDLE_IDENTIFIER = "com.Sanqiu.Fan.GuessTheFlag2-0Tests";
				PRODUCT_NAME = "$(TARGET_NAME)";
				SWIFT_EMIT_LOC_STRINGS = NO;
				SWIFT_VERSION = 5.0;
				TARGETED_DEVICE_FAMILY = "1,2";
				TEST_HOST = "$(BUILT_PRODUCTS_DIR)/GuessTheFlag2.0.app/GuessTheFlag2.0";
			};
			name = Debug;
		};
		722FB77E27F2FB4D00BE1DA8 /* Release */ = {
			isa = XCBuildConfiguration;
			buildSettings = {
				ALWAYS_EMBED_SWIFT_STANDARD_LIBRARIES = YES;
				BUNDLE_LOADER = "$(TEST_HOST)";
				CODE_SIGN_STYLE = Automatic;
				CURRENT_PROJECT_VERSION = 1;
				GENERATE_INFOPLIST_FILE = YES;
				IPHONEOS_DEPLOYMENT_TARGET = 15.4;
				MARKETING_VERSION = 1.0;
				PRODUCT_BUNDLE_IDENTIFIER = "com.Sanqiu.Fan.GuessTheFlag2-0Tests";
				PRODUCT_NAME = "$(TARGET_NAME)";
				SWIFT_EMIT_LOC_STRINGS = NO;
				SWIFT_VERSION = 5.0;
				TARGETED_DEVICE_FAMILY = "1,2";
				TEST_HOST = "$(BUILT_PRODUCTS_DIR)/GuessTheFlag2.0.app/GuessTheFlag2.0";
			};
			name = Release;
		};
		722FB78027F2FB4D00BE1DA8 /* Debug */ = {
			isa = XCBuildConfiguration;
			buildSettings = {
				ALWAYS_EMBED_SWIFT_STANDARD_LIBRARIES = YES;
				CODE_SIGN_STYLE = Automatic;
				CURRENT_PROJECT_VERSION = 1;
				GENERATE_INFOPLIST_FILE = YES;
				MARKETING_VERSION = 1.0;
				PRODUCT_BUNDLE_IDENTIFIER = "com.Sanqiu.Fan.GuessTheFlag2-0UITests";
				PRODUCT_NAME = "$(TARGET_NAME)";
				SWIFT_EMIT_LOC_STRINGS = NO;
				SWIFT_VERSION = 5.0;
				TARGETED_DEVICE_FAMILY = "1,2";
				TEST_TARGET_NAME = GuessTheFlag2.0;
			};
			name = Debug;
		};
		722FB78127F2FB4D00BE1DA8 /* Release */ = {
			isa = XCBuildConfiguration;
			buildSettings = {
				ALWAYS_EMBED_SWIFT_STANDARD_LIBRARIES = YES;
				CODE_SIGN_STYLE = Automatic;
				CURRENT_PROJECT_VERSION = 1;
				GENERATE_INFOPLIST_FILE = YES;
				MARKETING_VERSION = 1.0;
				PRODUCT_BUNDLE_IDENTIFIER = "com.Sanqiu.Fan.GuessTheFlag2-0UITests";
				PRODUCT_NAME = "$(TARGET_NAME)";
				SWIFT_EMIT_LOC_STRINGS = NO;
				SWIFT_VERSION = 5.0;
				TARGETED_DEVICE_FAMILY = "1,2";
				TEST_TARGET_NAME = GuessTheFlag2.0;
			};
			name = Release;
		};
/* End XCBuildConfiguration section */

/* Begin XCConfigurationList section */
		722FB75027F2FB4B00BE1DA8 /* Build configuration list for PBXProject "GuessTheFlag2.0" */ = {
			isa = XCConfigurationList;
			buildConfigurations = (
				722FB77727F2FB4D00BE1DA8 /* Debug */,
				722FB77827F2FB4D00BE1DA8 /* Release */,
			);
			defaultConfigurationIsVisible = 0;
			defaultConfigurationName = Release;
		};
		722FB77927F2FB4D00BE1DA8 /* Build configuration list for PBXNativeTarget "GuessTheFlag2.0" */ = {
			isa = XCConfigurationList;
			buildConfigurations = (
				722FB77A27F2FB4D00BE1DA8 /* Debug */,
				722FB77B27F2FB4D00BE1DA8 /* Release */,
			);
			defaultConfigurationIsVisible = 0;
			defaultConfigurationName = Release;
		};
		722FB77C27F2FB4D00BE1DA8 /* Build configuration list for PBXNativeTarget "GuessTheFlag2.0Tests" */ = {
			isa = XCConfigurationList;
			buildConfigurations = (
				722FB77D27F2FB4D00BE1DA8 /* Debug */,
				722FB77E27F2FB4D00BE1DA8 /* Release */,
			);
			defaultConfigurationIsVisible = 0;
			defaultConfigurationName = Release;
		};
		722FB77F27F2FB4D00BE1DA8 /* Build configuration list for PBXNativeTarget "GuessTheFlag2.0UITests" */ = {
			isa = XCConfigurationList;
			buildConfigurations = (
				722FB78027F2FB4D00BE1DA8 /* Debug */,
				722FB78127F2FB4D00BE1DA8 /* Release */,
			);
			defaultConfigurationIsVisible = 0;
			defaultConfigurationName = Release;
		};
/* End XCConfigurationList section */
	};
	rootObject = 722FB74D27F2FB4B00BE1DA8 /* Project object */;
}
