// !$*UTF8*$!
{
	archiveVersion = 1;
	classes = {
	};
	objectVersion = 55;
	objects = {

/* Begin PBXBuildFile section */
		720C728727CCC23C00C246B4 /* Habit_FormationApp.swift in Sources */ = {isa = PBXBuildFile; fileRef = 720C728627CCC23C00C246B4 /* Habit_FormationApp.swift */; };
		720C728927CCC23C00C246B4 /* ContentView.swift in Sources */ = {isa = PBXBuildFile; fileRef = 720C728827CCC23C00C246B4 /* ContentView.swift */; };
		720C728B27CCC23D00C246B4 /* Assets.xcassets in Resources */ = {isa = PBXBuildFile; fileRef = 720C728A27CCC23D00C246B4 /* Assets.xcassets */; };
		720C728E27CCC23D00C246B4 /* Preview Assets.xcassets in Resources */ = {isa = PBXBuildFile; fileRef = 720C728D27CCC23D00C246B4 /* Preview Assets.xcassets */; };
		720C729827CCC23D00C246B4 /* Habit_FormationTests.swift in Sources */ = {isa = PBXBuildFile; fileRef = 720C729727CCC23D00C246B4 /* Habit_FormationTests.swift */; };
		720C72A227CCC23D00C246B4 /* Habit_FormationUITests.swift in Sources */ = {isa = PBXBuildFile; fileRef = 720C72A127CCC23D00C246B4 /* Habit_FormationUITests.swift */; };
		720C72A427CCC23D00C246B4 /* Habit_FormationUITestsLaunchTests.swift in Sources */ = {isa = PBXBuildFile; fileRef = 720C72A327CCC23D00C246B4 /* Habit_FormationUITestsLaunchTests.swift */; };
/* End PBXBuildFile section */

/* Begin PBXContainerItemProxy section */
		720C729427CCC23D00C246B4 /* PBXContainerItemProxy */ = {
			isa = PBXContainerItemProxy;
			containerPortal = 720C727B27CCC23C00C246B4 /* Project object */;
			proxyType = 1;
			remoteGlobalIDString = 720C728227CCC23C00C246B4;
			remoteInfo = "Habit Formation";
		};
		720C729E27CCC23D00C246B4 /* PBXContainerItemProxy */ = {
			isa = PBXContainerItemProxy;
			containerPortal = 720C727B27CCC23C00C246B4 /* Project object */;
			proxyType = 1;
			remoteGlobalIDString = 720C728227CCC23C00C246B4;
			remoteInfo = "Habit Formation";
		};
/* End PBXContainerItemProxy section */

/* Begin PBXFileReference section */
		720C728327CCC23C00C246B4 /* Habit Formation.app */ = {isa = PBXFileReference; explicitFileType = wrapper.application; includeInIndex = 0; path = "Habit Formation.app"; sourceTree = BUILT_PRODUCTS_DIR; };
		720C728627CCC23C00C246B4 /* Habit_FormationApp.swift */ = {isa = PBXFileReference; lastKnownFileType = sourcecode.swift; path = Habit_FormationApp.swift; sourceTree = "<group>"; };
		720C728827CCC23C00C246B4 /* ContentView.swift */ = {isa = PBXFileReference; lastKnownFileType = sourcecode.swift; path = ContentView.swift; sourceTree = "<group>"; };
		720C728A27CCC23D00C246B4 /* Assets.xcassets */ = {isa = PBXFileReference; lastKnownFileType = folder.assetcatalog; path = Assets.xcassets; sourceTree = "<group>"; };
		720C728D27CCC23D00C246B4 /* Preview Assets.xcassets */ = {isa = PBXFileReference; lastKnownFileType = folder.assetcatalog; path = "Preview Assets.xcassets"; sourceTree = "<group>"; };
		720C729327CCC23D00C246B4 /* Habit FormationTests.xctest */ = {isa = PBXFileReference; explicitFileType = wrapper.cfbundle; includeInIndex = 0; path = "Habit FormationTests.xctest"; sourceTree = BUILT_PRODUCTS_DIR; };
		720C729727CCC23D00C246B4 /* Habit_FormationTests.swift */ = {isa = PBXFileReference; lastKnownFileType = sourcecode.swift; path = Habit_FormationTests.swift; sourceTree = "<group>"; };
		720C729D27CCC23D00C246B4 /* Habit FormationUITests.xctest */ = {isa = PBXFileReference; explicitFileType = wrapper.cfbundle; includeInIndex = 0; path = "Habit FormationUITests.xctest"; sourceTree = BUILT_PRODUCTS_DIR; };
		720C72A127CCC23D00C246B4 /* Habit_FormationUITests.swift */ = {isa = PBXFileReference; lastKnownFileType = sourcecode.swift; path = Habit_FormationUITests.swift; sourceTree = "<group>"; };
		720C72A327CCC23D00C246B4 /* Habit_FormationUITestsLaunchTests.swift */ = {isa = PBXFileReference; lastKnownFileType = sourcecode.swift; path = Habit_FormationUITestsLaunchTests.swift; sourceTree = "<group>"; };
/* End PBXFileReference section */

/* Begin PBXFrameworksBuildPhase section */
		720C728027CCC23C00C246B4 /* Frameworks */ = {
			isa = PBXFrameworksBuildPhase;
			buildActionMask = 2147483647;
			files = (
			);
			runOnlyForDeploymentPostprocessing = 0;
		};
		720C729027CCC23D00C246B4 /* Frameworks */ = {
			isa = PBXFrameworksBuildPhase;
			buildActionMask = 2147483647;
			files = (
			);
			runOnlyForDeploymentPostprocessing = 0;
		};
		720C729A27CCC23D00C246B4 /* Frameworks */ = {
			isa = PBXFrameworksBuildPhase;
			buildActionMask = 2147483647;
			files = (
			);
			runOnlyForDeploymentPostprocessing = 0;
		};
/* End PBXFrameworksBuildPhase section */

/* Begin PBXGroup section */
		720C727A27CCC23C00C246B4 = {
			isa = PBXGroup;
			children = (
				720C728527CCC23C00C246B4 /* Habit Formation */,
				720C729627CCC23D00C246B4 /* Habit FormationTests */,
				720C72A027CCC23D00C246B4 /* Habit FormationUITests */,
				720C728427CCC23C00C246B4 /* Products */,
			);
			sourceTree = "<group>";
		};
		720C728427CCC23C00C246B4 /* Products */ = {
			isa = PBXGroup;
			children = (
				720C728327CCC23C00C246B4 /* Habit Formation.app */,
				720C729327CCC23D00C246B4 /* Habit FormationTests.xctest */,
				720C729D27CCC23D00C246B4 /* Habit FormationUITests.xctest */,
			);
			name = Products;
			sourceTree = "<group>";
		};
		720C728527CCC23C00C246B4 /* Habit Formation */ = {
			isa = PBXGroup;
			children = (
				720C728627CCC23C00C246B4 /* Habit_FormationApp.swift */,
				720C728827CCC23C00C246B4 /* ContentView.swift */,
				720C728A27CCC23D00C246B4 /* Assets.xcassets */,
				720C728C27CCC23D00C246B4 /* Preview Content */,
			);
			path = "Habit Formation";
			sourceTree = "<group>";
		};
		720C728C27CCC23D00C246B4 /* Preview Content */ = {
			isa = PBXGroup;
			children = (
				720C728D27CCC23D00C246B4 /* Preview Assets.xcassets */,
			);
			path = "Preview Content";
			sourceTree = "<group>";
		};
		720C729627CCC23D00C246B4 /* Habit FormationTests */ = {
			isa = PBXGroup;
			children = (
				720C729727CCC23D00C246B4 /* Habit_FormationTests.swift */,
			);
			path = "Habit FormationTests";
			sourceTree = "<group>";
		};
		720C72A027CCC23D00C246B4 /* Habit FormationUITests */ = {
			isa = PBXGroup;
			children = (
				720C72A127CCC23D00C246B4 /* Habit_FormationUITests.swift */,
				720C72A327CCC23D00C246B4 /* Habit_FormationUITestsLaunchTests.swift */,
			);
			path = "Habit FormationUITests";
			sourceTree = "<group>";
		};
/* End PBXGroup section */

/* Begin PBXNativeTarget section */
		720C728227CCC23C00C246B4 /* Habit Formation */ = {
			isa = PBXNativeTarget;
			buildConfigurationList = 720C72A727CCC23D00C246B4 /* Build configuration list for PBXNativeTarget "Habit Formation" */;
			buildPhases = (
				720C727F27CCC23C00C246B4 /* Sources */,
				720C728027CCC23C00C246B4 /* Frameworks */,
				720C728127CCC23C00C246B4 /* Resources */,
			);
			buildRules = (
			);
			dependencies = (
			);
			name = "Habit Formation";
			productName = "Habit Formation";
			productReference = 720C728327CCC23C00C246B4 /* Habit Formation.app */;
			productType = "com.apple.product-type.application";
		};
		720C729227CCC23D00C246B4 /* Habit FormationTests */ = {
			isa = PBXNativeTarget;
			buildConfigurationList = 720C72AA27CCC23D00C246B4 /* Build configuration list for PBXNativeTarget "Habit FormationTests" */;
			buildPhases = (
				720C728F27CCC23D00C246B4 /* Sources */,
				720C729027CCC23D00C246B4 /* Frameworks */,
				720C729127CCC23D00C246B4 /* Resources */,
			);
			buildRules = (
			);
			dependencies = (
				720C729527CCC23D00C246B4 /* PBXTargetDependency */,
			);
			name = "Habit FormationTests";
			productName = "Habit FormationTests";
			productReference = 720C729327CCC23D00C246B4 /* Habit FormationTests.xctest */;
			productType = "com.apple.product-type.bundle.unit-test";
		};
		720C729C27CCC23D00C246B4 /* Habit FormationUITests */ = {
			isa = PBXNativeTarget;
			buildConfigurationList = 720C72AD27CCC23D00C246B4 /* Build configuration list for PBXNativeTarget "Habit FormationUITests" */;
			buildPhases = (
				720C729927CCC23D00C246B4 /* Sources */,
				720C729A27CCC23D00C246B4 /* Frameworks */,
				720C729B27CCC23D00C246B4 /* Resources */,
			);
			buildRules = (
			);
			dependencies = (
				720C729F27CCC23D00C246B4 /* PBXTargetDependency */,
			);
			name = "Habit FormationUITests";
			productName = "Habit FormationUITests";
			productReference = 720C729D27CCC23D00C246B4 /* Habit FormationUITests.xctest */;
			productType = "com.apple.product-type.bundle.ui-testing";
		};
/* End PBXNativeTarget section */

/* Begin PBXProject section */
		720C727B27CCC23C00C246B4 /* Project object */ = {
			isa = PBXProject;
			attributes = {
				BuildIndependentTargetsInParallel = 1;
				LastSwiftUpdateCheck = 1320;
				LastUpgradeCheck = 1320;
				TargetAttributes = {
					720C728227CCC23C00C246B4 = {
						CreatedOnToolsVersion = 13.2.1;
					};
					720C729227CCC23D00C246B4 = {
						CreatedOnToolsVersion = 13.2.1;
						TestTargetID = 720C728227CCC23C00C246B4;
					};
					720C729C27CCC23D00C246B4 = {
						CreatedOnToolsVersion = 13.2.1;
						TestTargetID = 720C728227CCC23C00C246B4;
					};
				};
			};
			buildConfigurationList = 720C727E27CCC23C00C246B4 /* Build configuration list for PBXProject "Habit Formation" */;
			compatibilityVersion = "Xcode 13.0";
			developmentRegion = en;
			hasScannedForEncodings = 0;
			knownRegions = (
				en,
				Base,
			);
			mainGroup = 720C727A27CCC23C00C246B4;
			productRefGroup = 720C728427CCC23C00C246B4 /* Products */;
			projectDirPath = "";
			projectRoot = "";
			targets = (
				720C728227CCC23C00C246B4 /* Habit Formation */,
				720C729227CCC23D00C246B4 /* Habit FormationTests */,
				720C729C27CCC23D00C246B4 /* Habit FormationUITests */,
			);
		};
/* End PBXProject section */

/* Begin PBXResourcesBuildPhase section */
		720C728127CCC23C00C246B4 /* Resources */ = {
			isa = PBXResourcesBuildPhase;
			buildActionMask = 2147483647;
			files = (
				720C728E27CCC23D00C246B4 /* Preview Assets.xcassets in Resources */,
				720C728B27CCC23D00C246B4 /* Assets.xcassets in Resources */,
			);
			runOnlyForDeploymentPostprocessing = 0;
		};
		720C729127CCC23D00C246B4 /* Resources */ = {
			isa = PBXResourcesBuildPhase;
			buildActionMask = 2147483647;
			files = (
			);
			runOnlyForDeploymentPostprocessing = 0;
		};
		720C729B27CCC23D00C246B4 /* Resources */ = {
			isa = PBXResourcesBuildPhase;
			buildActionMask = 2147483647;
			files = (
			);
			runOnlyForDeploymentPostprocessing = 0;
		};
/* End PBXResourcesBuildPhase section */

/* Begin PBXSourcesBuildPhase section */
		720C727F27CCC23C00C246B4 /* Sources */ = {
			isa = PBXSourcesBuildPhase;
			buildActionMask = 2147483647;
			files = (
				720C728927CCC23C00C246B4 /* ContentView.swift in Sources */,
				720C728727CCC23C00C246B4 /* Habit_FormationApp.swift in Sources */,
			);
			runOnlyForDeploymentPostprocessing = 0;
		};
		720C728F27CCC23D00C246B4 /* Sources */ = {
			isa = PBXSourcesBuildPhase;
			buildActionMask = 2147483647;
			files = (
				720C729827CCC23D00C246B4 /* Habit_FormationTests.swift in Sources */,
			);
			runOnlyForDeploymentPostprocessing = 0;
		};
		720C729927CCC23D00C246B4 /* Sources */ = {
			isa = PBXSourcesBuildPhase;
			buildActionMask = 2147483647;
			files = (
				720C72A227CCC23D00C246B4 /* Habit_FormationUITests.swift in Sources */,
				720C72A427CCC23D00C246B4 /* Habit_FormationUITestsLaunchTests.swift in Sources */,
			);
			runOnlyForDeploymentPostprocessing = 0;
		};
/* End PBXSourcesBuildPhase section */

/* Begin PBXTargetDependency section */
		720C729527CCC23D00C246B4 /* PBXTargetDependency */ = {
			isa = PBXTargetDependency;
			target = 720C728227CCC23C00C246B4 /* Habit Formation */;
			targetProxy = 720C729427CCC23D00C246B4 /* PBXContainerItemProxy */;
		};
		720C729F27CCC23D00C246B4 /* PBXTargetDependency */ = {
			isa = PBXTargetDependency;
			target = 720C728227CCC23C00C246B4 /* Habit Formation */;
			targetProxy = 720C729E27CCC23D00C246B4 /* PBXContainerItemProxy */;
		};
/* End PBXTargetDependency section */

/* Begin XCBuildConfiguration section */
		720C72A527CCC23D00C246B4 /* Debug */ = {
			isa = XCBuildConfiguration;
			buildSettings = {
				ALWAYS_SEARCH_USER_PATHS = NO;
				CLANG_ANALYZER_NONNULL = YES;
				CLANG_ANALYZER_NUMBER_OBJECT_CONVERSION = YES_AGGRESSIVE;
				CLANG_CXX_LANGUAGE_STANDARD = "gnu++17";
				CLANG_CXX_LIBRARY = "libc++";
				CLANG_ENABLE_MODULES = YES;
				CLANG_ENABLE_OBJC_ARC = YES;
				CLANG_ENABLE_OBJC_WEAK = YES;
				CLANG_WARN_BLOCK_CAPTURE_AUTORELEASING = YES;
				CLANG_WARN_BOOL_CONVERSION = YES;
				CLANG_WARN_COMMA = YES;
				CLANG_WARN_CONSTANT_CONVERSION = YES;
				CLANG_WARN_DEPRECATED_OBJC_IMPLEMENTATIONS = YES;
				CLANG_WARN_DIRECT_OBJC_ISA_USAGE = YES_ERROR;
				CLANG_WARN_DOCUMENTATION_COMMENTS = YES;
				CLANG_WARN_EMPTY_BODY = YES;
				CLANG_WARN_ENUM_CONVERSION = YES;
				CLANG_WARN_INFINITE_RECURSION = YES;
				CLANG_WARN_INT_CONVERSION = YES;
				CLANG_WARN_NON_LITERAL_NULL_CONVERSION = YES;
				CLANG_WARN_OBJC_IMPLICIT_RETAIN_SELF = YES;
				CLANG_WARN_OBJC_LITERAL_CONVERSION = YES;
				CLANG_WARN_OBJC_ROOT_CLASS = YES_ERROR;
				CLANG_WARN_QUOTED_INCLUDE_IN_FRAMEWORK_HEADER = YES;
				CLANG_WARN_RANGE_LOOP_ANALYSIS = YES;
				CLANG_WARN_STRICT_PROTOTYPES = YES;
				CLANG_WARN_SUSPICIOUS_MOVE = YES;
				CLANG_WARN_UNGUARDED_AVAILABILITY = YES_AGGRESSIVE;
				CLANG_WARN_UNREACHABLE_CODE = YES;
				CLANG_WARN__DUPLICATE_METHOD_MATCH = YES;
				COPY_PHASE_STRIP = NO;
				DEBUG_INFORMATION_FORMAT = dwarf;
				ENABLE_STRICT_OBJC_MSGSEND = YES;
				ENABLE_TESTABILITY = YES;
				GCC_C_LANGUAGE_STANDARD = gnu11;
				GCC_DYNAMIC_NO_PIC = NO;
				GCC_NO_COMMON_BLOCKS = YES;
				GCC_OPTIMIZATION_LEVEL = 0;
				GCC_PREPROCESSOR_DEFINITIONS = (
					"DEBUG=1",
					"$(inherited)",
				);
				GCC_WARN_64_TO_32_BIT_CONVERSION = YES;
				GCC_WARN_ABOUT_RETURN_TYPE = YES_ERROR;
				GCC_WARN_UNDECLARED_SELECTOR = YES;
				GCC_WARN_UNINITIALIZED_AUTOS = YES_AGGRESSIVE;
				GCC_WARN_UNUSED_FUNCTION = YES;
				GCC_WARN_UNUSED_VARIABLE = YES;
				IPHONEOS_DEPLOYMENT_TARGET = 15.2;
				MTL_ENABLE_DEBUG_INFO = INCLUDE_SOURCE;
				MTL_FAST_MATH = YES;
				ONLY_ACTIVE_ARCH = YES;
				SDKROOT = iphoneos;
				SWIFT_ACTIVE_COMPILATION_CONDITIONS = DEBUG;
				SWIFT_OPTIMIZATION_LEVEL = "-Onone";
			};
			name = Debug;
		};
		720C72A627CCC23D00C246B4 /* Release */ = {
			isa = XCBuildConfiguration;
			buildSettings = {
				ALWAYS_SEARCH_USER_PATHS = NO;
				CLANG_ANALYZER_NONNULL = YES;
				CLANG_ANALYZER_NUMBER_OBJECT_CONVERSION = YES_AGGRESSIVE;
				CLANG_CXX_LANGUAGE_STANDARD = "gnu++17";
				CLANG_CXX_LIBRARY = "libc++";
				CLANG_ENABLE_MODULES = YES;
				CLANG_ENABLE_OBJC_ARC = YES;
				CLANG_ENABLE_OBJC_WEAK = YES;
				CLANG_WARN_BLOCK_CAPTURE_AUTORELEASING = YES;
				CLANG_WARN_BOOL_CONVERSION = YES;
				CLANG_WARN_COMMA = YES;
				CLANG_WARN_CONSTANT_CONVERSION = YES;
				CLANG_WARN_DEPRECATED_OBJC_IMPLEMENTATIONS = YES;
				CLANG_WARN_DIRECT_OBJC_ISA_USAGE = YES_ERROR;
				CLANG_WARN_DOCUMENTATION_COMMENTS = YES;
				CLANG_WARN_EMPTY_BODY = YES;
				CLANG_WARN_ENUM_CONVERSION = YES;
				CLANG_WARN_INFINITE_RECURSION = YES;
				CLANG_WARN_INT_CONVERSION = YES;
				CLANG_WARN_NON_LITERAL_NULL_CONVERSION = YES;
				CLANG_WARN_OBJC_IMPLICIT_RETAIN_SELF = YES;
				CLANG_WARN_OBJC_LITERAL_CONVERSION = YES;
				CLANG_WARN_OBJC_ROOT_CLASS = YES_ERROR;
				CLANG_WARN_QUOTED_INCLUDE_IN_FRAMEWORK_HEADER = YES;
				CLANG_WARN_RANGE_LOOP_ANALYSIS = YES;
				CLANG_WARN_STRICT_PROTOTYPES = YES;
				CLANG_WARN_SUSPICIOUS_MOVE = YES;
				CLANG_WARN_UNGUARDED_AVAILABILITY = YES_AGGRESSIVE;
				CLANG_WARN_UNREACHABLE_CODE = YES;
				CLANG_WARN__DUPLICATE_METHOD_MATCH = YES;
				COPY_PHASE_STRIP = NO;
				DEBUG_INFORMATION_FORMAT = "dwarf-with-dsym";
				ENABLE_NS_ASSERTIONS = NO;
				ENABLE_STRICT_OBJC_MSGSEND = YES;
				GCC_C_LANGUAGE_STANDARD = gnu11;
				GCC_NO_COMMON_BLOCKS = YES;
				GCC_WARN_64_TO_32_BIT_CONVERSION = YES;
				GCC_WARN_ABOUT_RETURN_TYPE = YES_ERROR;
				GCC_WARN_UNDECLARED_SELECTOR = YES;
				GCC_WARN_UNINITIALIZED_AUTOS = YES_AGGRESSIVE;
				GCC_WARN_UNUSED_FUNCTION = YES;
				GCC_WARN_UNUSED_VARIABLE = YES;
				IPHONEOS_DEPLOYMENT_TARGET = 15.2;
				MTL_ENABLE_DEBUG_INFO = NO;
				MTL_FAST_MATH = YES;
				SDKROOT = iphoneos;
				SWIFT_COMPILATION_MODE = wholemodule;
				SWIFT_OPTIMIZATION_LEVEL = "-O";
				VALIDATE_PRODUCT = YES;
			};
			name = Release;
		};
		720C72A827CCC23D00C246B4 /* Debug */ = {
			isa = XCBuildConfiguration;
			buildSettings = {
				ASSETCATALOG_COMPILER_APPICON_NAME = AppIcon;
				ASSETCATALOG_COMPILER_GLOBAL_ACCENT_COLOR_NAME = AccentColor;
				CODE_SIGN_STYLE = Automatic;
				CURRENT_PROJECT_VERSION = 1;
				DEVELOPMENT_ASSET_PATHS = "\"Habit Formation/Preview Content\"";
				ENABLE_PREVIEWS = YES;
				GENERATE_INFOPLIST_FILE = YES;
				INFOPLIST_KEY_UIApplicationSceneManifest_Generation = YES;
				INFOPLIST_KEY_UIApplicationSupportsIndirectInputEvents = YES;
				INFOPLIST_KEY_UILaunchScreen_Generation = YES;
				INFOPLIST_KEY_UISupportedInterfaceOrientations_iPad = "UIInterfaceOrientationPortrait UIInterfaceOrientationPortraitUpsideDown UIInterfaceOrientationLandscapeLeft UIInterfaceOrientationLandscapeRight";
				INFOPLIST_KEY_UISupportedInterfaceOrientations_iPhone = "UIInterfaceOrientationPortrait UIInterfaceOrientationLandscapeLeft UIInterfaceOrientationLandscapeRight";
				LD_RUNPATH_SEARCH_PATHS = (
					"$(inherited)",
					"@executable_path/Frameworks",
				);
				MARKETING_VERSION = 1.0;
				PRODUCT_BUNDLE_IDENTIFIER = "com.Sanqiu.Fan.Habit-Formation";
				PRODUCT_NAME = "$(TARGET_NAME)";
				SWIFT_EMIT_LOC_STRINGS = YES;
				SWIFT_VERSION = 5.0;
				TARGETED_DEVICE_FAMILY = "1,2";
			};
			name = Debug;
		};
		720C72A927CCC23D00C246B4 /* Release */ = {
			isa = XCBuildConfiguration;
			buildSettings = {
				ASSETCATALOG_COMPILER_APPICON_NAME = AppIcon;
				ASSETCATALOG_COMPILER_GLOBAL_ACCENT_COLOR_NAME = AccentColor;
				CODE_SIGN_STYLE = Automatic;
				CURRENT_PROJECT_VERSION = 1;
				DEVELOPMENT_ASSET_PATHS = "\"Habit Formation/Preview Content\"";
				ENABLE_PREVIEWS = YES;
				GENERATE_INFOPLIST_FILE = YES;
				INFOPLIST_KEY_UIApplicationSceneManifest_Generation = YES;
				INFOPLIST_KEY_UIApplicationSupportsIndirectInputEvents = YES;
				INFOPLIST_KEY_UILaunchScreen_Generation = YES;
				INFOPLIST_KEY_UISupportedInterfaceOrientations_iPad = "UIInterfaceOrientationPortrait UIInterfaceOrientationPortraitUpsideDown UIInterfaceOrientationLandscapeLeft UIInterfaceOrientationLandscapeRight";
				INFOPLIST_KEY_UISupportedInterfaceOrientations_iPhone = "UIInterfaceOrientationPortrait UIInterfaceOrientationLandscapeLeft UIInterfaceOrientationLandscapeRight";
				LD_RUNPATH_SEARCH_PATHS = (
					"$(inherited)",
					"@executable_path/Frameworks",
				);
				MARKETING_VERSION = 1.0;
				PRODUCT_BUNDLE_IDENTIFIER = "com.Sanqiu.Fan.Habit-Formation";
				PRODUCT_NAME = "$(TARGET_NAME)";
				SWIFT_EMIT_LOC_STRINGS = YES;
				SWIFT_VERSION = 5.0;
				TARGETED_DEVICE_FAMILY = "1,2";
			};
			name = Release;
		};
		720C72AB27CCC23D00C246B4 /* Debug */ = {
			isa = XCBuildConfiguration;
			buildSettings = {
				ALWAYS_EMBED_SWIFT_STANDARD_LIBRARIES = YES;
				BUNDLE_LOADER = "$(TEST_HOST)";
				CODE_SIGN_STYLE = Automatic;
				CURRENT_PROJECT_VERSION = 1;
				GENERATE_INFOPLIST_FILE = YES;
				IPHONEOS_DEPLOYMENT_TARGET = 15.2;
				MARKETING_VERSION = 1.0;
				PRODUCT_BUNDLE_IDENTIFIER = "com.Sanqiu.Fan.Habit-FormationTests";
				PRODUCT_NAME = "$(TARGET_NAME)";
				SWIFT_EMIT_LOC_STRINGS = NO;
				SWIFT_VERSION = 5.0;
				TARGETED_DEVICE_FAMILY = "1,2";
				TEST_HOST = "$(BUILT_PRODUCTS_DIR)/Habit Formation.app/Habit Formation";
			};
			name = Debug;
		};
		720C72AC27CCC23D00C246B4 /* Release */ = {
			isa = XCBuildConfiguration;
			buildSettings = {
				ALWAYS_EMBED_SWIFT_STANDARD_LIBRARIES = YES;
				BUNDLE_LOADER = "$(TEST_HOST)";
				CODE_SIGN_STYLE = Automatic;
				CURRENT_PROJECT_VERSION = 1;
				GENERATE_INFOPLIST_FILE = YES;
				IPHONEOS_DEPLOYMENT_TARGET = 15.2;
				MARKETING_VERSION = 1.0;
				PRODUCT_BUNDLE_IDENTIFIER = "com.Sanqiu.Fan.Habit-FormationTests";
				PRODUCT_NAME = "$(TARGET_NAME)";
				SWIFT_EMIT_LOC_STRINGS = NO;
				SWIFT_VERSION = 5.0;
				TARGETED_DEVICE_FAMILY = "1,2";
				TEST_HOST = "$(BUILT_PRODUCTS_DIR)/Habit Formation.app/Habit Formation";
			};
			name = Release;
		};
		720C72AE27CCC23D00C246B4 /* Debug */ = {
			isa = XCBuildConfiguration;
			buildSettings = {
				ALWAYS_EMBED_SWIFT_STANDARD_LIBRARIES = YES;
				CODE_SIGN_STYLE = Automatic;
				CURRENT_PROJECT_VERSION = 1;
				GENERATE_INFOPLIST_FILE = YES;
				MARKETING_VERSION = 1.0;
				PRODUCT_BUNDLE_IDENTIFIER = "com.Sanqiu.Fan.Habit-FormationUITests";
				PRODUCT_NAME = "$(TARGET_NAME)";
				SWIFT_EMIT_LOC_STRINGS = NO;
				SWIFT_VERSION = 5.0;
				TARGETED_DEVICE_FAMILY = "1,2";
				TEST_TARGET_NAME = "Habit Formation";
			};
			name = Debug;
		};
		720C72AF27CCC23D00C246B4 /* Release */ = {
			isa = XCBuildConfiguration;
			buildSettings = {
				ALWAYS_EMBED_SWIFT_STANDARD_LIBRARIES = YES;
				CODE_SIGN_STYLE = Automatic;
				CURRENT_PROJECT_VERSION = 1;
				GENERATE_INFOPLIST_FILE = YES;
				MARKETING_VERSION = 1.0;
				PRODUCT_BUNDLE_IDENTIFIER = "com.Sanqiu.Fan.Habit-FormationUITests";
				PRODUCT_NAME = "$(TARGET_NAME)";
				SWIFT_EMIT_LOC_STRINGS = NO;
				SWIFT_VERSION = 5.0;
				TARGETED_DEVICE_FAMILY = "1,2";
				TEST_TARGET_NAME = "Habit Formation";
			};
			name = Release;
		};
/* End XCBuildConfiguration section */

/* Begin XCConfigurationList section */
		720C727E27CCC23C00C246B4 /* Build configuration list for PBXProject "Habit Formation" */ = {
			isa = XCConfigurationList;
			buildConfigurations = (
				720C72A527CCC23D00C246B4 /* Debug */,
				720C72A627CCC23D00C246B4 /* Release */,
			);
			defaultConfigurationIsVisible = 0;
			defaultConfigurationName = Release;
		};
		720C72A727CCC23D00C246B4 /* Build configuration list for PBXNativeTarget "Habit Formation" */ = {
			isa = XCConfigurationList;
			buildConfigurations = (
				720C72A827CCC23D00C246B4 /* Debug */,
				720C72A927CCC23D00C246B4 /* Release */,
			);
			defaultConfigurationIsVisible = 0;
			defaultConfigurationName = Release;
		};
		720C72AA27CCC23D00C246B4 /* Build configuration list for PBXNativeTarget "Habit FormationTests" */ = {
			isa = XCConfigurationList;
			buildConfigurations = (
				720C72AB27CCC23D00C246B4 /* Debug */,
				720C72AC27CCC23D00C246B4 /* Release */,
			);
			defaultConfigurationIsVisible = 0;
			defaultConfigurationName = Release;
		};
		720C72AD27CCC23D00C246B4 /* Build configuration list for PBXNativeTarget "Habit FormationUITests" */ = {
			isa = XCConfigurationList;
			buildConfigurations = (
				720C72AE27CCC23D00C246B4 /* Debug */,
				720C72AF27CCC23D00C246B4 /* Release */,
			);
			defaultConfigurationIsVisible = 0;
			defaultConfigurationName = Release;
		};
/* End XCConfigurationList section */
	};
	rootObject = 720C727B27CCC23C00C246B4 /* Project object */;
}
