// !$*UTF8*$!
{
	archiveVersion = 1;
	classes = {
	};
	objectVersion = 55;
	objects = {

/* Begin PBXBuildFile section */
		7283AF1027F30DCE00A436BA /* MultiplicationTableApp.swift in Sources */ = {isa = PBXBuildFile; fileRef = 7283AF0F27F30DCE00A436BA /* MultiplicationTableApp.swift */; };
		7283AF1227F30DCE00A436BA /* ContentView.swift in Sources */ = {isa = PBXBuildFile; fileRef = 7283AF1127F30DCE00A436BA /* ContentView.swift */; };
		7283AF1427F30DD000A436BA /* Assets.xcassets in Resources */ = {isa = PBXBuildFile; fileRef = 7283AF1327F30DD000A436BA /* Assets.xcassets */; };
		7283AF1727F30DD000A436BA /* Preview Assets.xcassets in Resources */ = {isa = PBXBuildFile; fileRef = 7283AF1627F30DD000A436BA /* Preview Assets.xcassets */; };
/* End PBXBuildFile section */

/* Begin PBXContainerItemProxy section */
		7283AF1D27F30DD000A436BA /* PBXContainerItemProxy */ = {
			isa = PBXContainerItemProxy;
			containerPortal = 7283AF0427F30DCE00A436BA /* Project object */;
			proxyType = 1;
			remoteGlobalIDString = 7283AF0B27F30DCE00A436BA;
			remoteInfo = MultiplicationTable;
		};
		7283AF2727F30DD000A436BA /* PBXContainerItemProxy */ = {
			isa = PBXContainerItemProxy;
			containerPortal = 7283AF0427F30DCE00A436BA /* Project object */;
			proxyType = 1;
			remoteGlobalIDString = 7283AF0B27F30DCE00A436BA;
			remoteInfo = MultiplicationTable;
		};
/* End PBXContainerItemProxy section */

/* Begin PBXFileReference section */
		7283AF0C27F30DCE00A436BA /* MultiplicationTable.app */ = {isa = PBXFileReference; explicitFileType = wrapper.application; includeInIndex = 0; path = MultiplicationTable.app; sourceTree = BUILT_PRODUCTS_DIR; };
		7283AF0F27F30DCE00A436BA /* MultiplicationTableApp.swift */ = {isa = PBXFileReference; lastKnownFileType = sourcecode.swift; path = MultiplicationTableApp.swift; sourceTree = "<group>"; };
		7283AF1127F30DCE00A436BA /* ContentView.swift */ = {isa = PBXFileReference; lastKnownFileType = sourcecode.swift; path = ContentView.swift; sourceTree = "<group>"; };
		7283AF1327F30DD000A436BA /* Assets.xcassets */ = {isa = PBXFileReference; lastKnownFileType = folder.assetcatalog; path = Assets.xcassets; sourceTree = "<group>"; };
		7283AF1627F30DD000A436BA /* Preview Assets.xcassets */ = {isa = PBXFileReference; lastKnownFileType = folder.assetcatalog; path = "Preview Assets.xcassets"; sourceTree = "<group>"; };
		7283AF1C27F30DD000A436BA /* MultiplicationTableTests.xctest */ = {isa = PBXFileReference; explicitFileType = wrapper.cfbundle; includeInIndex = 0; path = MultiplicationTableTests.xctest; sourceTree = BUILT_PRODUCTS_DIR; };
		7283AF2627F30DD000A436BA /* MultiplicationTableUITests.xctest */ = {isa = PBXFileReference; explicitFileType = wrapper.cfbundle; includeInIndex = 0; path = MultiplicationTableUITests.xctest; sourceTree = BUILT_PRODUCTS_DIR; };
/* End PBXFileReference section */

/* Begin PBXFrameworksBuildPhase section */
		7283AF0927F30DCE00A436BA /* Frameworks */ = {
			isa = PBXFrameworksBuildPhase;
			buildActionMask = 2147483647;
			files = (
			);
			runOnlyForDeploymentPostprocessing = 0;
		};
		7283AF1927F30DD000A436BA /* Frameworks */ = {
			isa = PBXFrameworksBuildPhase;
			buildActionMask = 2147483647;
			files = (
			);
			runOnlyForDeploymentPostprocessing = 0;
		};
		7283AF2327F30DD000A436BA /* Frameworks */ = {
			isa = PBXFrameworksBuildPhase;
			buildActionMask = 2147483647;
			files = (
			);
			runOnlyForDeploymentPostprocessing = 0;
		};
/* End PBXFrameworksBuildPhase section */

/* Begin PBXGroup section */
		7283AF0327F30DCE00A436BA = {
			isa = PBXGroup;
			children = (
				7283AF0E27F30DCE00A436BA /* MultiplicationTable */,
				7283AF0D27F30DCE00A436BA /* Products */,
			);
			sourceTree = "<group>";
		};
		7283AF0D27F30DCE00A436BA /* Products */ = {
			isa = PBXGroup;
			children = (
				7283AF0C27F30DCE00A436BA /* MultiplicationTable.app */,
				7283AF1C27F30DD000A436BA /* MultiplicationTableTests.xctest */,
				7283AF2627F30DD000A436BA /* MultiplicationTableUITests.xctest */,
			);
			name = Products;
			sourceTree = "<group>";
		};
		7283AF0E27F30DCE00A436BA /* MultiplicationTable */ = {
			isa = PBXGroup;
			children = (
				7283AF0F27F30DCE00A436BA /* MultiplicationTableApp.swift */,
				7283AF1127F30DCE00A436BA /* ContentView.swift */,
				7283AF1327F30DD000A436BA /* Assets.xcassets */,
				7283AF1527F30DD000A436BA /* Preview Content */,
			);
			path = MultiplicationTable;
			sourceTree = "<group>";
		};
		7283AF1527F30DD000A436BA /* Preview Content */ = {
			isa = PBXGroup;
			children = (
				7283AF1627F30DD000A436BA /* Preview Assets.xcassets */,
			);
			path = "Preview Content";
			sourceTree = "<group>";
		};
/* End PBXGroup section */

/* Begin PBXNativeTarget section */
		7283AF0B27F30DCE00A436BA /* MultiplicationTable */ = {
			isa = PBXNativeTarget;
			buildConfigurationList = 7283AF3027F30DD100A436BA /* Build configuration list for PBXNativeTarget "MultiplicationTable" */;
			buildPhases = (
				7283AF0827F30DCE00A436BA /* Sources */,
				7283AF0927F30DCE00A436BA /* Frameworks */,
				7283AF0A27F30DCE00A436BA /* Resources */,
			);
			buildRules = (
			);
			dependencies = (
			);
			name = MultiplicationTable;
			productName = MultiplicationTable;
			productReference = 7283AF0C27F30DCE00A436BA /* MultiplicationTable.app */;
			productType = "com.apple.product-type.application";
		};
		7283AF1B27F30DD000A436BA /* MultiplicationTableTests */ = {
			isa = PBXNativeTarget;
			buildConfigurationList = 7283AF3327F30DD100A436BA /* Build configuration list for PBXNativeTarget "MultiplicationTableTests" */;
			buildPhases = (
				7283AF1827F30DD000A436BA /* Sources */,
				7283AF1927F30DD000A436BA /* Frameworks */,
				7283AF1A27F30DD000A436BA /* Resources */,
			);
			buildRules = (
			);
			dependencies = (
				7283AF1E27F30DD000A436BA /* PBXTargetDependency */,
			);
			name = MultiplicationTableTests;
			productName = MultiplicationTableTests;
			productReference = 7283AF1C27F30DD000A436BA /* MultiplicationTableTests.xctest */;
			productType = "com.apple.product-type.bundle.unit-test";
		};
		7283AF2527F30DD000A436BA /* MultiplicationTableUITests */ = {
			isa = PBXNativeTarget;
			buildConfigurationList = 7283AF3627F30DD100A436BA /* Build configuration list for PBXNativeTarget "MultiplicationTableUITests" */;
			buildPhases = (
				7283AF2227F30DD000A436BA /* Sources */,
				7283AF2327F30DD000A436BA /* Frameworks */,
				7283AF2427F30DD000A436BA /* Resources */,
			);
			buildRules = (
			);
			dependencies = (
				7283AF2827F30DD000A436BA /* PBXTargetDependency */,
			);
			name = MultiplicationTableUITests;
			productName = MultiplicationTableUITests;
			productReference = 7283AF2627F30DD000A436BA /* MultiplicationTableUITests.xctest */;
			productType = "com.apple.product-type.bundle.ui-testing";
		};
/* End PBXNativeTarget section */

/* Begin PBXProject section */
		7283AF0427F30DCE00A436BA /* Project object */ = {
			isa = PBXProject;
			attributes = {
				BuildIndependentTargetsInParallel = 1;
				LastSwiftUpdateCheck = 1330;
				LastUpgradeCheck = 1330;
				TargetAttributes = {
					7283AF0B27F30DCE00A436BA = {
						CreatedOnToolsVersion = 13.3;
					};
					7283AF1B27F30DD000A436BA = {
						CreatedOnToolsVersion = 13.3;
						TestTargetID = 7283AF0B27F30DCE00A436BA;
					};
					7283AF2527F30DD000A436BA = {
						CreatedOnToolsVersion = 13.3;
						TestTargetID = 7283AF0B27F30DCE00A436BA;
					};
				};
			};
			buildConfigurationList = 7283AF0727F30DCE00A436BA /* Build configuration list for PBXProject "MultiplicationTable" */;
			compatibilityVersion = "Xcode 13.0";
			developmentRegion = en;
			hasScannedForEncodings = 0;
			knownRegions = (
				en,
				Base,
			);
			mainGroup = 7283AF0327F30DCE00A436BA;
			productRefGroup = 7283AF0D27F30DCE00A436BA /* Products */;
			projectDirPath = "";
			projectRoot = "";
			targets = (
				7283AF0B27F30DCE00A436BA /* MultiplicationTable */,
				7283AF1B27F30DD000A436BA /* MultiplicationTableTests */,
				7283AF2527F30DD000A436BA /* MultiplicationTableUITests */,
			);
		};
/* End PBXProject section */

/* Begin PBXResourcesBuildPhase section */
		7283AF0A27F30DCE00A436BA /* Resources */ = {
			isa = PBXResourcesBuildPhase;
			buildActionMask = 2147483647;
			files = (
				7283AF1727F30DD000A436BA /* Preview Assets.xcassets in Resources */,
				7283AF1427F30DD000A436BA /* Assets.xcassets in Resources */,
			);
			runOnlyForDeploymentPostprocessing = 0;
		};
		7283AF1A27F30DD000A436BA /* Resources */ = {
			isa = PBXResourcesBuildPhase;
			buildActionMask = 2147483647;
			files = (
			);
			runOnlyForDeploymentPostprocessing = 0;
		};
		7283AF2427F30DD000A436BA /* Resources */ = {
			isa = PBXResourcesBuildPhase;
			buildActionMask = 2147483647;
			files = (
			);
			runOnlyForDeploymentPostprocessing = 0;
		};
/* End PBXResourcesBuildPhase section */

/* Begin PBXSourcesBuildPhase section */
		7283AF0827F30DCE00A436BA /* Sources */ = {
			isa = PBXSourcesBuildPhase;
			buildActionMask = 2147483647;
			files = (
				7283AF1227F30DCE00A436BA /* ContentView.swift in Sources */,
				7283AF1027F30DCE00A436BA /* MultiplicationTableApp.swift in Sources */,
			);
			runOnlyForDeploymentPostprocessing = 0;
		};
		7283AF1827F30DD000A436BA /* Sources */ = {
			isa = PBXSourcesBuildPhase;
			buildActionMask = 2147483647;
			files = (
			);
			runOnlyForDeploymentPostprocessing = 0;
		};
		7283AF2227F30DD000A436BA /* Sources */ = {
			isa = PBXSourcesBuildPhase;
			buildActionMask = 2147483647;
			files = (
			);
			runOnlyForDeploymentPostprocessing = 0;
		};
/* End PBXSourcesBuildPhase section */

/* Begin PBXTargetDependency section */
		7283AF1E27F30DD000A436BA /* PBXTargetDependency */ = {
			isa = PBXTargetDependency;
			target = 7283AF0B27F30DCE00A436BA /* MultiplicationTable */;
			targetProxy = 7283AF1D27F30DD000A436BA /* PBXContainerItemProxy */;
		};
		7283AF2827F30DD000A436BA /* PBXTargetDependency */ = {
			isa = PBXTargetDependency;
			target = 7283AF0B27F30DCE00A436BA /* MultiplicationTable */;
			targetProxy = 7283AF2727F30DD000A436BA /* PBXContainerItemProxy */;
		};
/* End PBXTargetDependency section */

/* Begin XCBuildConfiguration section */
		7283AF2E27F30DD100A436BA /* Debug */ = {
			isa = XCBuildConfiguration;
			buildSettings = {
				ALWAYS_SEARCH_USER_PATHS = NO;
				CLANG_ANALYZER_NONNULL = YES;
				CLANG_ANALYZER_NUMBER_OBJECT_CONVERSION = YES_AGGRESSIVE;
				CLANG_CXX_LANGUAGE_STANDARD = "gnu++17";
				CLANG_ENABLE_MODULES = YES;
				CLANG_ENABLE_OBJC_ARC = YES;
				CLANG_ENABLE_OBJC_WEAK = YES;
				CLANG_WARN_BLOCK_CAPTURE_AUTORELEASING = YES;
				CLANG_WARN_BOOL_CONVERSION = YES;
				CLANG_WARN_COMMA = YES;
				CLANG_WARN_CONSTANT_CONVERSION = YES;
				CLANG_WARN_DEPRECATED_OBJC_IMPLEMENTATIONS = YES;
				CLANG_WARN_DIRECT_OBJC_ISA_USAGE = YES_ERROR;
				CLANG_WARN_DOCUMENTATION_COMMENTS = YES;
				CLANG_WARN_EMPTY_BODY = YES;
				CLANG_WARN_ENUM_CONVERSION = YES;
				CLANG_WARN_INFINITE_RECURSION = YES;
				CLANG_WARN_INT_CONVERSION = YES;
				CLANG_WARN_NON_LITERAL_NULL_CONVERSION = YES;
				CLANG_WARN_OBJC_IMPLICIT_RETAIN_SELF = YES;
				CLANG_WARN_OBJC_LITERAL_CONVERSION = YES;
				CLANG_WARN_OBJC_ROOT_CLASS = YES_ERROR;
				CLANG_WARN_QUOTED_INCLUDE_IN_FRAMEWORK_HEADER = YES;
				CLANG_WARN_RANGE_LOOP_ANALYSIS = YES;
				CLANG_WARN_STRICT_PROTOTYPES = YES;
				CLANG_WARN_SUSPICIOUS_MOVE = YES;
				CLANG_WARN_UNGUARDED_AVAILABILITY = YES_AGGRESSIVE;
				CLANG_WARN_UNREACHABLE_CODE = YES;
				CLANG_WARN__DUPLICATE_METHOD_MATCH = YES;
				COPY_PHASE_STRIP = NO;
				DEBUG_INFORMATION_FORMAT = dwarf;
				ENABLE_STRICT_OBJC_MSGSEND = YES;
				ENABLE_TESTABILITY = YES;
				GCC_C_LANGUAGE_STANDARD = gnu11;
				GCC_DYNAMIC_NO_PIC = NO;
				GCC_NO_COMMON_BLOCKS = YES;
				GCC_OPTIMIZATION_LEVEL = 0;
				GCC_PREPROCESSOR_DEFINITIONS = (
					"DEBUG=1",
					"$(inherited)",
				);
				GCC_WARN_64_TO_32_BIT_CONVERSION = YES;
				GCC_WARN_ABOUT_RETURN_TYPE = YES_ERROR;
				GCC_WARN_UNDECLARED_SELECTOR = YES;
				GCC_WARN_UNINITIALIZED_AUTOS = YES_AGGRESSIVE;
				GCC_WARN_UNUSED_FUNCTION = YES;
				GCC_WARN_UNUSED_VARIABLE = YES;
				IPHONEOS_DEPLOYMENT_TARGET = 15.4;
				MTL_ENABLE_DEBUG_INFO = INCLUDE_SOURCE;
				MTL_FAST_MATH = YES;
				ONLY_ACTIVE_ARCH = YES;
				SDKROOT = iphoneos;
				SWIFT_ACTIVE_COMPILATION_CONDITIONS = DEBUG;
				SWIFT_OPTIMIZATION_LEVEL = "-Onone";
			};
			name = Debug;
		};
		7283AF2F27F30DD100A436BA /* Release */ = {
			isa = XCBuildConfiguration;
			buildSettings = {
				ALWAYS_SEARCH_USER_PATHS = NO;
				CLANG_ANALYZER_NONNULL = YES;
				CLANG_ANALYZER_NUMBER_OBJECT_CONVERSION = YES_AGGRESSIVE;
				CLANG_CXX_LANGUAGE_STANDARD = "gnu++17";
				CLANG_ENABLE_MODULES = YES;
				CLANG_ENABLE_OBJC_ARC = YES;
				CLANG_ENABLE_OBJC_WEAK = YES;
				CLANG_WARN_BLOCK_CAPTURE_AUTORELEASING = YES;
				CLANG_WARN_BOOL_CONVERSION = YES;
				CLANG_WARN_COMMA = YES;
				CLANG_WARN_CONSTANT_CONVERSION = YES;
				CLANG_WARN_DEPRECATED_OBJC_IMPLEMENTATIONS = YES;
				CLANG_WARN_DIRECT_OBJC_ISA_USAGE = YES_ERROR;
				CLANG_WARN_DOCUMENTATION_COMMENTS = YES;
				CLANG_WARN_EMPTY_BODY = YES;
				CLANG_WARN_ENUM_CONVERSION = YES;
				CLANG_WARN_INFINITE_RECURSION = YES;
				CLANG_WARN_INT_CONVERSION = YES;
				CLANG_WARN_NON_LITERAL_NULL_CONVERSION = YES;
				CLANG_WARN_OBJC_IMPLICIT_RETAIN_SELF = YES;
				CLANG_WARN_OBJC_LITERAL_CONVERSION = YES;
				CLANG_WARN_OBJC_ROOT_CLASS = YES_ERROR;
				CLANG_WARN_QUOTED_INCLUDE_IN_FRAMEWORK_HEADER = YES;
				CLANG_WARN_RANGE_LOOP_ANALYSIS = YES;
				CLANG_WARN_STRICT_PROTOTYPES = YES;
				CLANG_WARN_SUSPICIOUS_MOVE = YES;
				CLANG_WARN_UNGUARDED_AVAILABILITY = YES_AGGRESSIVE;
				CLANG_WARN_UNREACHABLE_CODE = YES;
				CLANG_WARN__DUPLICATE_METHOD_MATCH = YES;
				COPY_PHASE_STRIP = NO;
				DEBUG_INFORMATION_FORMAT = "dwarf-with-dsym";
				ENABLE_NS_ASSERTIONS = NO;
				ENABLE_STRICT_OBJC_MSGSEND = YES;
				GCC_C_LANGUAGE_STANDARD = gnu11;
				GCC_NO_COMMON_BLOCKS = YES;
				GCC_WARN_64_TO_32_BIT_CONVERSION = YES;
				GCC_WARN_ABOUT_RETURN_TYPE = YES_ERROR;
				GCC_WARN_UNDECLARED_SELECTOR = YES;
				GCC_WARN_UNINITIALIZED_AUTOS = YES_AGGRESSIVE;
				GCC_WARN_UNUSED_FUNCTION = YES;
				GCC_WARN_UNUSED_VARIABLE = YES;
				IPHONEOS_DEPLOYMENT_TARGET = 15.4;
				MTL_ENABLE_DEBUG_INFO = NO;
				MTL_FAST_MATH = YES;
				SDKROOT = iphoneos;
				SWIFT_COMPILATION_MODE = wholemodule;
				SWIFT_OPTIMIZATION_LEVEL = "-O";
				VALIDATE_PRODUCT = YES;
			};
			name = Release;
		};
		7283AF3127F30DD100A436BA /* Debug */ = {
			isa = XCBuildConfiguration;
			buildSettings = {
				ASSETCATALOG_COMPILER_APPICON_NAME = AppIcon;
				ASSETCATALOG_COMPILER_GLOBAL_ACCENT_COLOR_NAME = AccentColor;
				CODE_SIGN_STYLE = Automatic;
				CURRENT_PROJECT_VERSION = 1;
				DEVELOPMENT_ASSET_PATHS = "\"MultiplicationTable/Preview Content\"";
				ENABLE_PREVIEWS = YES;
				GENERATE_INFOPLIST_FILE = YES;
				INFOPLIST_KEY_UIApplicationSceneManifest_Generation = YES;
				INFOPLIST_KEY_UIApplicationSupportsIndirectInputEvents = YES;
				INFOPLIST_KEY_UILaunchScreen_Generation = YES;
				INFOPLIST_KEY_UISupportedInterfaceOrientations_iPad = "UIInterfaceOrientationPortrait UIInterfaceOrientationPortraitUpsideDown UIInterfaceOrientationLandscapeLeft UIInterfaceOrientationLandscapeRight";
				INFOPLIST_KEY_UISupportedInterfaceOrientations_iPhone = "UIInterfaceOrientationPortrait UIInterfaceOrientationLandscapeLeft UIInterfaceOrientationLandscapeRight";
				LD_RUNPATH_SEARCH_PATHS = (
					"$(inherited)",
					"@executable_path/Frameworks",
				);
				MARKETING_VERSION = 1.0;
				PRODUCT_BUNDLE_IDENTIFIER = com.Sanqiu.Fan.MultiplicationTable;
				PRODUCT_NAME = "$(TARGET_NAME)";
				SWIFT_EMIT_LOC_STRINGS = YES;
				SWIFT_VERSION = 5.0;
				TARGETED_DEVICE_FAMILY = "1,2";
			};
			name = Debug;
		};
		7283AF3227F30DD100A436BA /* Release */ = {
			isa = XCBuildConfiguration;
			buildSettings = {
				ASSETCATALOG_COMPILER_APPICON_NAME = AppIcon;
				ASSETCATALOG_COMPILER_GLOBAL_ACCENT_COLOR_NAME = AccentColor;
				CODE_SIGN_STYLE = Automatic;
				CURRENT_PROJECT_VERSION = 1;
				DEVELOPMENT_ASSET_PATHS = "\"MultiplicationTable/Preview Content\"";
				ENABLE_PREVIEWS = YES;
				GENERATE_INFOPLIST_FILE = YES;
				INFOPLIST_KEY_UIApplicationSceneManifest_Generation = YES;
				INFOPLIST_KEY_UIApplicationSupportsIndirectInputEvents = YES;
				INFOPLIST_KEY_UILaunchScreen_Generation = YES;
				INFOPLIST_KEY_UISupportedInterfaceOrientations_iPad = "UIInterfaceOrientationPortrait UIInterfaceOrientationPortraitUpsideDown UIInterfaceOrientationLandscapeLeft UIInterfaceOrientationLandscapeRight";
				INFOPLIST_KEY_UISupportedInterfaceOrientations_iPhone = "UIInterfaceOrientationPortrait UIInterfaceOrientationLandscapeLeft UIInterfaceOrientationLandscapeRight";
				LD_RUNPATH_SEARCH_PATHS = (
					"$(inherited)",
					"@executable_path/Frameworks",
				);
				MARKETING_VERSION = 1.0;
				PRODUCT_BUNDLE_IDENTIFIER = com.Sanqiu.Fan.MultiplicationTable;
				PRODUCT_NAME = "$(TARGET_NAME)";
				SWIFT_EMIT_LOC_STRINGS = YES;
				SWIFT_VERSION = 5.0;
				TARGETED_DEVICE_FAMILY = "1,2";
			};
			name = Release;
		};
		7283AF3427F30DD100A436BA /* Debug */ = {
			isa = XCBuildConfiguration;
			buildSettings = {
				ALWAYS_EMBED_SWIFT_STANDARD_LIBRARIES = YES;
				BUNDLE_LOADER = "$(TEST_HOST)";
				CODE_SIGN_STYLE = Automatic;
				CURRENT_PROJECT_VERSION = 1;
				GENERATE_INFOPLIST_FILE = YES;
				IPHONEOS_DEPLOYMENT_TARGET = 15.4;
				MARKETING_VERSION = 1.0;
				PRODUCT_BUNDLE_IDENTIFIER = com.Sanqiu.Fan.MultiplicationTableTests;
				PRODUCT_NAME = "$(TARGET_NAME)";
				SWIFT_EMIT_LOC_STRINGS = NO;
				SWIFT_VERSION = 5.0;
				TARGETED_DEVICE_FAMILY = "1,2";
				TEST_HOST = "$(BUILT_PRODUCTS_DIR)/MultiplicationTable.app/MultiplicationTable";
			};
			name = Debug;
		};
		7283AF3527F30DD100A436BA /* Release */ = {
			isa = XCBuildConfiguration;
			buildSettings = {
				ALWAYS_EMBED_SWIFT_STANDARD_LIBRARIES = YES;
				BUNDLE_LOADER = "$(TEST_HOST)";
				CODE_SIGN_STYLE = Automatic;
				CURRENT_PROJECT_VERSION = 1;
				GENERATE_INFOPLIST_FILE = YES;
				IPHONEOS_DEPLOYMENT_TARGET = 15.4;
				MARKETING_VERSION = 1.0;
				PRODUCT_BUNDLE_IDENTIFIER = com.Sanqiu.Fan.MultiplicationTableTests;
				PRODUCT_NAME = "$(TARGET_NAME)";
				SWIFT_EMIT_LOC_STRINGS = NO;
				SWIFT_VERSION = 5.0;
				TARGETED_DEVICE_FAMILY = "1,2";
				TEST_HOST = "$(BUILT_PRODUCTS_DIR)/MultiplicationTable.app/MultiplicationTable";
			};
			name = Release;
		};
		7283AF3727F30DD100A436BA /* Debug */ = {
			isa = XCBuildConfiguration;
			buildSettings = {
				ALWAYS_EMBED_SWIFT_STANDARD_LIBRARIES = YES;
				CODE_SIGN_STYLE = Automatic;
				CURRENT_PROJECT_VERSION = 1;
				GENERATE_INFOPLIST_FILE = YES;
				MARKETING_VERSION = 1.0;
				PRODUCT_BUNDLE_IDENTIFIER = com.Sanqiu.Fan.MultiplicationTableUITests;
				PRODUCT_NAME = "$(TARGET_NAME)";
				SWIFT_EMIT_LOC_STRINGS = NO;
				SWIFT_VERSION = 5.0;
				TARGETED_DEVICE_FAMILY = "1,2";
				TEST_TARGET_NAME = MultiplicationTable;
			};
			name = Debug;
		};
		7283AF3827F30DD100A436BA /* Release */ = {
			isa = XCBuildConfiguration;
			buildSettings = {
				ALWAYS_EMBED_SWIFT_STANDARD_LIBRARIES = YES;
				CODE_SIGN_STYLE = Automatic;
				CURRENT_PROJECT_VERSION = 1;
				GENERATE_INFOPLIST_FILE = YES;
				MARKETING_VERSION = 1.0;
				PRODUCT_BUNDLE_IDENTIFIER = com.Sanqiu.Fan.MultiplicationTableUITests;
				PRODUCT_NAME = "$(TARGET_NAME)";
				SWIFT_EMIT_LOC_STRINGS = NO;
				SWIFT_VERSION = 5.0;
				TARGETED_DEVICE_FAMILY = "1,2";
				TEST_TARGET_NAME = MultiplicationTable;
			};
			name = Release;
		};
/* End XCBuildConfiguration section */

/* Begin XCConfigurationList section */
		7283AF0727F30DCE00A436BA /* Build configuration list for PBXProject "MultiplicationTable" */ = {
			isa = XCConfigurationList;
			buildConfigurations = (
				7283AF2E27F30DD100A436BA /* Debug */,
				7283AF2F27F30DD100A436BA /* Release */,
			);
			defaultConfigurationIsVisible = 0;
			defaultConfigurationName = Release;
		};
		7283AF3027F30DD100A436BA /* Build configuration list for PBXNativeTarget "MultiplicationTable" */ = {
			isa = XCConfigurationList;
			buildConfigurations = (
				7283AF3127F30DD100A436BA /* Debug */,
				7283AF3227F30DD100A436BA /* Release */,
			);
			defaultConfigurationIsVisible = 0;
			defaultConfigurationName = Release;
		};
		7283AF3327F30DD100A436BA /* Build configuration list for PBXNativeTarget "MultiplicationTableTests" */ = {
			isa = XCConfigurationList;
			buildConfigurations = (
				7283AF3427F30DD100A436BA /* Debug */,
				7283AF3527F30DD100A436BA /* Release */,
			);
			defaultConfigurationIsVisible = 0;
			defaultConfigurationName = Release;
		};
		7283AF3627F30DD100A436BA /* Build configuration list for PBXNativeTarget "MultiplicationTableUITests" */ = {
			isa = XCConfigurationList;
			buildConfigurations = (
				7283AF3727F30DD100A436BA /* Debug */,
				7283AF3827F30DD100A436BA /* Release */,
			);
			defaultConfigurationIsVisible = 0;
			defaultConfigurationName = Release;
		};
/* End XCConfigurationList section */
	};
	rootObject = 7283AF0427F30DCE00A436BA /* Project object */;
}
